// !$*UTF8*$!
{
	archiveVersion = 1;
	classes = {
	};
	objectVersion = 77;
	objects = {

/* Begin PBXBuildFile section */
		0D3D21E327AC67EAFF0885ED /* SettingsWindowController.swift in Sources */ = {isa = PBXBuildFile; fileRef = C10D02F3E6B7332F198DDC76 /* SettingsWindowController.swift */; };
		4F4CF7B4B6125C548BEAC5B0 /* SettingsView.swift in Sources */ = {isa = PBXBuildFile; fileRef = F11CD0E0E37B518BFE74F7C7 /* SettingsView.swift */; };
		51133194C065A09622717A43 /* SwiftQuoteApp.swift in Sources */ = {isa = PBXBuildFile; fileRef = 55C60D0CB77713E3F62E9CD4 /* SwiftQuoteApp.swift */; };
		9316A51B2181C89DA7C552E9 /* InputPanel.swift in Sources */ = {isa = PBXBuildFile; fileRef = D3EC298DCB72CC3BF92091CF /* InputPanel.swift */; };
		C69CBEC0A487907C279D1477 /* AppSettings.swift in Sources */ = {isa = PBXBuildFile; fileRef = BCEB503E576D1011C8CC61CF /* AppSettings.swift */; };
		E7D6B641999640E6679EC23F /* StatusBarController.swift in Sources */ = {isa = PBXBuildFile; fileRef = 3042AFFA9BEDC5FF28D2382B /* StatusBarController.swift */; };
/* End PBXBuildFile section */

/* Begin PBXFileReference section */
		3042AFFA9BEDC5FF28D2382B /* StatusBarController.swift */ = {isa = PBXFileReference; lastKnownFileType = sourcecode.swift; path = StatusBarController.swift; sourceTree = "<group>"; };
		55C60D0CB77713E3F62E9CD4 /* SwiftQuoteApp.swift */ = {isa = PBXFileReference; lastKnownFileType = sourcecode.swift; path = SwiftQuoteApp.swift; sourceTree = "<group>"; };
		BCEB503E576D1011C8CC61CF /* AppSettings.swift */ = {isa = PBXFileReference; lastKnownFileType = sourcecode.swift; path = AppSettings.swift; sourceTree = "<group>"; };
		C10D02F3E6B7332F198DDC76 /* SettingsWindowController.swift */ = {isa = PBXFileReference; lastKnownFileType = sourcecode.swift; path = SettingsWindowController.swift; sourceTree = "<group>"; };
		D05C61CDA51DB6ED76923FB2 /* SwiftQuote.app */ = {isa = PBXFileReference; explicitFileType = wrapper.application; includeInIndex = 0; path = SwiftQuote.app; sourceTree = BUILT_PRODUCTS_DIR; };
		D3EC298DCB72CC3BF92091CF /* InputPanel.swift */ = {isa = PBXFileReference; lastKnownFileType = sourcecode.swift; path = InputPanel.swift; sourceTree = "<group>"; };
		F11CD0E0E37B518BFE74F7C7 /* SettingsView.swift */ = {isa = PBXFileReference; lastKnownFileType = sourcecode.swift; path = SettingsView.swift; sourceTree = "<group>"; };
/* End PBXFileReference section */

/* Begin PBXGroup section */
		21ABA453F645269E6463E254 /* Products */ = {
			isa = PBXGroup;
			children = (
				D05C61CDA51DB6ED76923FB2 /* SwiftQuote.app */,
			);
			name = Products;
			sourceTree = "<group>";
		};
		B58DA89A9DC1BDC03589DF37 = {
			isa = PBXGroup;
			children = (
				CF3CF60132A65DA167DC81A6 /* SwiftQuote */,
				21ABA453F645269E6463E254 /* Products */,
			);
			sourceTree = "<group>";
		};
		CF3CF60132A65DA167DC81A6 /* SwiftQuote */ = {
			isa = PBXGroup;
			children = (
				BCEB503E576D1011C8CC61CF /* AppSettings.swift */,
				D3EC298DCB72CC3BF92091CF /* InputPanel.swift */,
				F11CD0E0E37B518BFE74F7C7 /* SettingsView.swift */,
				C10D02F3E6B7332F198DDC76 /* SettingsWindowController.swift */,
				3042AFFA9BEDC5FF28D2382B /* StatusBarController.swift */,
				55C60D0CB77713E3F62E9CD4 /* SwiftQuoteApp.swift */,
			);
			name = SwiftQuote;
			path = Sources/SwiftQuote;
			sourceTree = "<group>";
		};
/* End PBXGroup section */

/* Begin PBXNativeTarget section */
		CC7199599AEC978929E95DA5 /* SwiftQuote */ = {
			isa = PBXNativeTarget;
			buildConfigurationList = 2EFDF9DB9A9E7E485D52FB3B /* Build configuration list for PBXNativeTarget "SwiftQuote" */;
			buildPhases = (
				F2C710F2C971F4797169C6B3 /* Sources */,
			);
			buildRules = (
			);
			dependencies = (
			);
			name = SwiftQuote;
			packageProductDependencies = (
			);
			productName = SwiftQuote;
			productReference = D05C61CDA51DB6ED76923FB2 /* SwiftQuote.app */;
			productType = "com.apple.product-type.application";
		};
/* End PBXNativeTarget section */

/* Begin PBXProject section */
		FB50B8ACEBB82B72B6943803 /* Project object */ = {
			isa = PBXProject;
			attributes = {
				BuildIndependentTargetsInParallel = YES;
				LastUpgradeCheck = 1430;
				TargetAttributes = {
				};
			};
			buildConfigurationList = B538FA132121E0E0109F301D /* Build configuration list for PBXProject "SwiftQuote" */;
			developmentRegion = en;
			hasScannedForEncodings = 0;
			knownRegions = (
				Base,
				en,
			);
			mainGroup = B58DA89A9DC1BDC03589DF37;
			minimizedProjectReferenceProxies = 1;
			preferredProjectObjectVersion = 77;
			productRefGroup = 21ABA453F645269E6463E254 /* Products */;
			projectDirPath = "";
			projectRoot = "";
			targets = (
				CC7199599AEC978929E95DA5 /* SwiftQuote */,
			);
		};
/* End PBXProject section */

/* Begin PBXSourcesBuildPhase section */
		F2C710F2C971F4797169C6B3 /* Sources */ = {
			isa = PBXSourcesBuildPhase;
			buildActionMask = 2147483647;
			files = (
				C69CBEC0A487907C279D1477 /* AppSettings.swift in Sources */,
				9316A51B2181C89DA7C552E9 /* InputPanel.swift in Sources */,
				4F4CF7B4B6125C548BEAC5B0 /* SettingsView.swift in Sources */,
				0D3D21E327AC67EAFF0885ED /* SettingsWindowController.swift in Sources */,
				E7D6B641999640E6679EC23F /* StatusBarController.swift in Sources */,
				51133194C065A09622717A43 /* SwiftQuoteApp.swift in Sources */,
			);
			runOnlyForDeploymentPostprocessing = 0;
		};
/* End PBXSourcesBuildPhase section */

/* Begin XCBuildConfiguration section */
		2F5FFEF6D38482FA8D7C520F /* Debug */ = {
			isa = XCBuildConfiguration;
			buildSettings = {
				ALWAYS_SEARCH_USER_PATHS = NO;
				CLANG_ANALYZER_NONNULL = YES;
				CLANG_ANALYZER_NUMBER_OBJECT_CONVERSION = YES_AGGRESSIVE;
				CLANG_CXX_LANGUAGE_STANDARD = "gnu++14";
				CLANG_CXX_LIBRARY = "libc++";
				CLANG_ENABLE_MODULES = YES;
				CLANG_ENABLE_OBJC_ARC = YES;
				CLANG_ENABLE_OBJC_WEAK = YES;
				CLANG_WARN_BLOCK_CAPTURE_AUTORELEASING = YES;
				CLANG_WARN_BOOL_CONVERSION = YES;
				CLANG_WARN_COMMA = YES;
				CLANG_WARN_CONSTANT_CONVERSION = YES;
				CLANG_WARN_DEPRECATED_OBJC_IMPLEMENTATIONS = YES;
				CLANG_WARN_DIRECT_OBJC_ISA_USAGE = YES_ERROR;
				CLANG_WARN_DOCUMENTATION_COMMENTS = YES;
				CLANG_WARN_EMPTY_BODY = YES;
				CLANG_WARN_ENUM_CONVERSION = YES;
				CLANG_WARN_INFINITE_RECURSION = YES;
				CLANG_WARN_INT_CONVERSION = YES;
				CLANG_WARN_NON_LITERAL_NULL_CONVERSION = YES;
				CLANG_WARN_OBJC_IMPLICIT_RETAIN_SELF = YES;
				CLANG_WARN_OBJC_LITERAL_CONVERSION = YES;
				CLANG_WARN_OBJC_ROOT_CLASS = YES_ERROR;
				CLANG_WARN_QUOTED_INCLUDE_IN_FRAMEWORK_HEADER = YES;
				CLANG_WARN_RANGE_LOOP_ANALYSIS = YES;
				CLANG_WARN_STRICT_PROTOTYPES = YES;
				CLANG_WARN_SUSPICIOUS_MOVE = YES;
				CLANG_WARN_UNGUARDED_AVAILABILITY = YES_AGGRESSIVE;
				CLANG_WARN_UNREACHABLE_CODE = YES;
				CLANG_WARN__DUPLICATE_METHOD_MATCH = YES;
				COPY_PHASE_STRIP = NO;
				DEBUG_INFORMATION_FORMAT = dwarf;
				ENABLE_STRICT_OBJC_MSGSEND = YES;
				ENABLE_TESTABILITY = YES;
				GCC_C_LANGUAGE_STANDARD = gnu11;
				GCC_DYNAMIC_NO_PIC = NO;
				GCC_NO_COMMON_BLOCKS = YES;
				GCC_OPTIMIZATION_LEVEL = 0;
				GCC_PREPROCESSOR_DEFINITIONS = (
					"$(inherited)",
					"DEBUG=1",
				);
				GCC_WARN_64_TO_32_BIT_CONVERSION = YES;
				GCC_WARN_ABOUT_RETURN_TYPE = YES_ERROR;
				GCC_WARN_UNDECLARED_SELECTOR = YES;
				GCC_WARN_UNINITIALIZED_AUTOS = YES_AGGRESSIVE;
				GCC_WARN_UNUSED_FUNCTION = YES;
				GCC_WARN_UNUSED_VARIABLE = YES;
				MACOSX_DEPLOYMENT_TARGET = 13.0;
				MTL_ENABLE_DEBUG_INFO = INCLUDE_SOURCE;
				MTL_FAST_MATH = YES;
				ONLY_ACTIVE_ARCH = YES;
				PRODUCT_NAME = "$(TARGET_NAME)";
				SDKROOT = macosx;
				SWIFT_ACTIVE_COMPILATION_CONDITIONS = DEBUG;
				SWIFT_OPTIMIZATION_LEVEL = "-Onone";
				SWIFT_VERSION = 5.0;
			};
			name = Debug;
		};
		660896F98C082D78E894EFDF /* Release */ = {
			isa = XCBuildConfiguration;
			buildSettings = {
				ASSETCATALOG_COMPILER_APPICON_NAME = AppIcon;
				CODE_SIGN_IDENTITY = "-";
				COMBINE_HIDPI_IMAGES = YES;
				ENABLE_HARDENED_RUNTIME = YES;
				GENERATE_INFOPLIST_FILE = YES;
				INFOPLIST_KEY_LSUIElement = YES;
				INFOPLIST_KEY_NSPrincipalClass = NSApplication;
				LD_RUNPATH_SEARCH_PATHS = (
					"$(inherited)",
					"@executable_path/../Frameworks",
				);
				PRODUCT_BUNDLE_IDENTIFIER = me.whynbnb.SwiftQuote;
				SDKROOT = macosx;
				SWIFT_VERSION = 5.9;
			};
			name = Release;
		};
		83ABADD49EF653BBC2C7905E /* Debug */ = {
			isa = XCBuildConfiguration;
			buildSettings = {
				ASSETCATALOG_COMPILER_APPICON_NAME = AppIcon;
				CODE_SIGN_IDENTITY = "-";
				COMBINE_HIDPI_IMAGES = YES;
				ENABLE_HARDENED_RUNTIME = YES;
				GENERATE_INFOPLIST_FILE = YES;
				INFOPLIST_KEY_LSUIElement = YES;
				INFOPLIST_KEY_NSPrincipalClass = NSApplication;
				LD_RUNPATH_SEARCH_PATHS = (
					"$(inherited)",
					"@executable_path/../Frameworks",
				);
				PRODUCT_BUNDLE_IDENTIFIER = me.whynbnb.SwiftQuote;
				SDKROOT = macosx;
				SWIFT_VERSION = 5.9;
			};
			name = Debug;
		};
		D7A8DD2F7E384AF5B2206265 /* Release */ = {
			isa = XCBuildConfiguration;
			buildSettings = {
				ALWAYS_SEARCH_USER_PATHS = NO;
				CLANG_ANALYZER_NONNULL = YES;
				CLANG_ANALYZER_NUMBER_OBJECT_CONVERSION = YES_AGGRESSIVE;
				CLANG_CXX_LANGUAGE_STANDARD = "gnu++14";
				CLANG_CXX_LIBRARY = "libc++";
				CLANG_ENABLE_MODULES = YES;
				CLANG_ENABLE_OBJC_ARC = YES;
				CLANG_ENABLE_OBJC_WEAK = YES;
				CLANG_WARN_BLOCK_CAPTURE_AUTORELEASING = YES;
				CLANG_WARN_BOOL_CONVERSION = YES;
				CLANG_WARN_COMMA = YES;
				CLANG_WARN_CONSTANT_CONVERSION = YES;
				CLANG_WARN_DEPRECATED_OBJC_IMPLEMENTATIONS = YES;
				CLANG_WARN_DIRECT_OBJC_ISA_USAGE = YES_ERROR;
				CLANG_WARN_DOCUMENTATION_COMMENTS = YES;
				CLANG_WARN_EMPTY_BODY = YES;
				CLANG_WARN_ENUM_CONVERSION = YES;
				CLANG_WARN_INFINITE_RECURSION = YES;
				CLANG_WARN_INT_CONVERSION = YES;
				CLANG_WARN_NON_LITERAL_NULL_CONVERSION = YES;
				CLANG_WARN_OBJC_IMPLICIT_RETAIN_SELF = YES;
				CLANG_WARN_OBJC_LITERAL_CONVERSION = YES;
				CLANG_WARN_OBJC_ROOT_CLASS = YES_ERROR;
				CLANG_WARN_QUOTED_INCLUDE_IN_FRAMEWORK_HEADER = YES;
				CLANG_WARN_RANGE_LOOP_ANALYSIS = YES;
				CLANG_WARN_STRICT_PROTOTYPES = YES;
				CLANG_WARN_SUSPICIOUS_MOVE = YES;
				CLANG_WARN_UNGUARDED_AVAILABILITY = YES_AGGRESSIVE;
				CLANG_WARN_UNREACHABLE_CODE = YES;
				CLANG_WARN__DUPLICATE_METHOD_MATCH = YES;
				COPY_PHASE_STRIP = NO;
				DEBUG_INFORMATION_FORMAT = "dwarf-with-dsym";
				ENABLE_NS_ASSERTIONS = NO;
				ENABLE_STRICT_OBJC_MSGSEND = YES;
				GCC_C_LANGUAGE_STANDARD = gnu11;
				GCC_NO_COMMON_BLOCKS = YES;
				GCC_WARN_64_TO_32_BIT_CONVERSION = YES;
				GCC_WARN_ABOUT_RETURN_TYPE = YES_ERROR;
				GCC_WARN_UNDECLARED_SELECTOR = YES;
				GCC_WARN_UNINITIALIZED_AUTOS = YES_AGGRESSIVE;
				GCC_WARN_UNUSED_FUNCTION = YES;
				GCC_WARN_UNUSED_VARIABLE = YES;
				MACOSX_DEPLOYMENT_TARGET = 13.0;
				MTL_ENABLE_DEBUG_INFO = NO;
				MTL_FAST_MATH = YES;
				PRODUCT_NAME = "$(TARGET_NAME)";
				SDKROOT = macosx;
				SWIFT_COMPILATION_MODE = wholemodule;
				SWIFT_OPTIMIZATION_LEVEL = "-O";
				SWIFT_VERSION = 5.0;
			};
			name = Release;
		};
/* End XCBuildConfiguration section */

/* Begin XCConfigurationList section */
		2EFDF9DB9A9E7E485D52FB3B /* Build configuration list for PBXNativeTarget "SwiftQuote" */ = {
			isa = XCConfigurationList;
			buildConfigurations = (
				83ABADD49EF653BBC2C7905E /* Debug */,
				660896F98C082D78E894EFDF /* Release */,
			);
			defaultConfigurationIsVisible = 0;
			defaultConfigurationName = Debug;
		};
		B538FA132121E0E0109F301D /* Build configuration list for PBXProject "SwiftQuote" */ = {
			isa = XCConfigurationList;
			buildConfigurations = (
				2F5FFEF6D38482FA8D7C520F /* Debug */,
				D7A8DD2F7E384AF5B2206265 /* Release */,
			);
			defaultConfigurationIsVisible = 0;
			defaultConfigurationName = Debug;
		};
/* End XCConfigurationList section */
	};
	rootObject = FB50B8ACEBB82B72B6943803 /* Project object */;
}
